// !$*UTF8*$!
{
	archiveVersion = 1;
	classes = {
	};
	objectVersion = 77;
	objects = {

/* Begin PBXBuildFile section */
		03162EF33AE4EEB6E524E5B1 /* CatalogGridView.swift in Sources */ = {isa = PBXBuildFile; fileRef = 8F17BFF4DCC563429E130A13 /* CatalogGridView.swift */; };
		0551F23E1A9E226486C1A0BB /* AddServiceSheet.swift in Sources */ = {isa = PBXBuildFile; fileRef = ECCC4A3133903E40BFB42AA6 /* AddServiceSheet.swift */; };
		06696BB66C7BAA761E8291C9 /* HibernatedBadgePoller.swift in Sources */ = {isa = PBXBuildFile; fileRef = 24EE83C0600AFD4A12914883 /* HibernatedBadgePoller.swift */; };
		091825995DF2FD9C4A7BC86F /* KeyboardShortcutManager.swift in Sources */ = {isa = PBXBuildFile; fileRef = D2AC7E996360A4BC660FD194 /* KeyboardShortcutManager.swift */; };
		1C5CD1937EFECD06DA479F86 /* Space.swift in Sources */ = {isa = PBXBuildFile; fileRef = FEC9767949C165F7DCD9A281 /* Space.swift */; };
		230144499E6BE9FD41C03338 /* ContentView.swift in Sources */ = {isa = PBXBuildFile; fileRef = 7458024AA17BF508D4807018 /* ContentView.swift */; };
		2D9A102388157D9B3C660F70 /* ServiceCatalogEntry.swift in Sources */ = {isa = PBXBuildFile; fileRef = B3506A7D95472D8F3E822A39 /* ServiceCatalogEntry.swift */; };
		30CDFCABEDA4328515317A91 /* CookieConsentManager.swift in Sources */ = {isa = PBXBuildFile; fileRef = 54BC620E896A6DD5CB16AF6D /* CookieConsentManager.swift */; };
		3291B385E6F0AED73FAE2B61 /* ServiceInstance.swift in Sources */ = {isa = PBXBuildFile; fileRef = 4666C49AA129F26D936B0715 /* ServiceInstance.swift */; };
		365FD38EBDA7455F8E86BEEF /* ServiceIconView.swift in Sources */ = {isa = PBXBuildFile; fileRef = E84C935C8A82FD6B6B969E6B /* ServiceIconView.swift */; };
		3DEA98A98656EE981A29A71D /* FindInPageBar.swift in Sources */ = {isa = PBXBuildFile; fileRef = 76865DDEE671C34CC88CF4D8 /* FindInPageBar.swift */; };
		4129642FB0AD19AC83F01A30 /* UserAgentProvider.swift in Sources */ = {isa = PBXBuildFile; fileRef = E1E431CF7CE145D536081A23 /* UserAgentProvider.swift */; };
		4B199EBC47BA21CE22ECC893 /* EmojiData.swift in Sources */ = {isa = PBXBuildFile; fileRef = 9EDCAF66B6DD05BA3A244E9E /* EmojiData.swift */; };
		53615BD3734128E5CEE21D0A /* AppLogger.swift in Sources */ = {isa = PBXBuildFile; fileRef = E88CC47CBB66B4749ACDC068 /* AppLogger.swift */; };
		53C0B5A438EDC6C98FE081AB /* QuickSwitcherView.swift in Sources */ = {isa = PBXBuildFile; fileRef = CA55A0E026084DC20071FBCE /* QuickSwitcherView.swift */; };
		542D3E32DA8EA90EC36BB6A0 /* DataStoreManager.swift in Sources */ = {isa = PBXBuildFile; fileRef = AD49B64B44CC548574DA2348 /* DataStoreManager.swift */; };
		5561BE9B6C6D8AA46CD42884 /* WebViewContainer.swift in Sources */ = {isa = PBXBuildFile; fileRef = 09D9F34755F65BE5A3C76C88 /* WebViewContainer.swift */; };
		5E59730D46AE1AED21F82ECA /* AppPreferences.swift in Sources */ = {isa = PBXBuildFile; fileRef = 88C307C75776869CE8A82618 /* AppPreferences.swift */; };
		69FF2932CDD4A1208CA5DA71 /* SettingsView.swift in Sources */ = {isa = PBXBuildFile; fileRef = 1D9D707C0F9A04B5E0744F59 /* SettingsView.swift */; };
		701984CFE765170D8EAE50EE /* MenuBarView.swift in Sources */ = {isa = PBXBuildFile; fileRef = 9D811CC9D75730152E17859C /* MenuBarView.swift */; };
		71E467BDECC180049BF6708B /* AppPresenceManager.swift in Sources */ = {isa = PBXBuildFile; fileRef = 5A1D24379DD182D4A7B6DD11 /* AppPresenceManager.swift */; };
		75C395B384D9E21AF94FBC4F /* UserScriptManager.swift in Sources */ = {isa = PBXBuildFile; fileRef = CBBF69E002BB39BB6EFF9BDB /* UserScriptManager.swift */; };
		783EF6C467034D74DE8D5F52 /* WebViewState.swift in Sources */ = {isa = PBXBuildFile; fileRef = 192C907C2215D62E02FF8408 /* WebViewState.swift */; };
		817A70A10923352BBAC3F63E /* CatalogIconCache.swift in Sources */ = {isa = PBXBuildFile; fileRef = 0693A705E1552F5809BA3399 /* CatalogIconCache.swift */; };
		8AEFF9F928EBEA5194112A21 /* Assets.xcassets in Resources */ = {isa = PBXBuildFile; fileRef = DD7FF3D960F0FCA3A2F310B1 /* Assets.xcassets */; };
		8E4B7701A7A18F51C6109E10 /* NetworkMonitor.swift in Sources */ = {isa = PBXBuildFile; fileRef = 3A3640458AF427BC8D3C8F2A /* NetworkMonitor.swift */; };
		8F6E2C62BD277E5577FBE480 /* WebContentView.swift in Sources */ = {isa = PBXBuildFile; fileRef = DA4617D503719C1701307F28 /* WebContentView.swift */; };
		92BF212550953DD2E21A12E7 /* EmojiPickerView.swift in Sources */ = {isa = PBXBuildFile; fileRef = 01EC3720B49A4D8B953CDA90 /* EmojiPickerView.swift */; };
		9EDF307D989D199DE994D432 /* EditServiceSheet.swift in Sources */ = {isa = PBXBuildFile; fileRef = 9DD5F8F7C2450C88FA1A3886 /* EditServiceSheet.swift */; };
		A22B72681582D92F92938917 /* WebToolbarView.swift in Sources */ = {isa = PBXBuildFile; fileRef = 538A1641C210F10E3CD43E14 /* WebToolbarView.swift */; };
		A33A7902903C731E069B6CD5 /* ChorusApp.swift in Sources */ = {isa = PBXBuildFile; fileRef = E143D686890F381C5B42761F /* ChorusApp.swift */; };
		AD626D3375822E9E5BC358BE /* FaviconFetcher.swift in Sources */ = {isa = PBXBuildFile; fileRef = 1ACFB877AD2138035F9E3EAE /* FaviconFetcher.swift */; };
		BAA5421430BDF6F9B918B7B5 /* WebViewPool.swift in Sources */ = {isa = PBXBuildFile; fileRef = 608B27F538D778C6FC4B1697 /* WebViewPool.swift */; };
		C1E4CE7879BB117DBA721C35 /* SpaceStripView.swift in Sources */ = {isa = PBXBuildFile; fileRef = 537DF7ABA3D6DED64273776A /* SpaceStripView.swift */; };
		C4ADA7C24E806E00FF4709D1 /* ChorusTests.swift in Sources */ = {isa = PBXBuildFile; fileRef = FBA2B8A19B41207F66E51CC3 /* ChorusTests.swift */; };
		C65C95AB514FF50CEE9A75D6 /* ServiceCatalog.swift in Sources */ = {isa = PBXBuildFile; fileRef = E30F23AFD0B5D81AF103BF37 /* ServiceCatalog.swift */; };
		C87E607C9406DB3117992594 /* SpaceEditorSheet.swift in Sources */ = {isa = PBXBuildFile; fileRef = DEE60F6F23AE3708B57614F2 /* SpaceEditorSheet.swift */; };
		CA61596A934F91544BD926E0 /* ServiceCatalog.json in Resources */ = {isa = PBXBuildFile; fileRef = 0F2F565F064A603E639DC26E /* ServiceCatalog.json */; };
		CF6CC3C4CC580F7733D24212 /* SpaceServiceLink.swift in Sources */ = {isa = PBXBuildFile; fileRef = 312995FF05808961FD519D76 /* SpaceServiceLink.swift */; };
		D341B327E1C20FA11DEC2C2B /* AppState.swift in Sources */ = {isa = PBXBuildFile; fileRef = D533B667501DF0913FF62B9A /* AppState.swift */; };
		DF712EA56B5AE10C7BF77176 /* WebViewCoordinator.swift in Sources */ = {isa = PBXBuildFile; fileRef = 438D78C9503E732B7792FA10 /* WebViewCoordinator.swift */; };
		EA76A0A9EF76E4CD3DE9217C /* ServiceSidebarView.swift in Sources */ = {isa = PBXBuildFile; fileRef = B84763F63532609A902F453A /* ServiceSidebarView.swift */; };
		F709F5524B2146C260A0BCB0 /* BadgeManager.swift in Sources */ = {isa = PBXBuildFile; fileRef = 706D85D3C09C182826CD4EBA /* BadgeManager.swift */; };
		FC24793EEE444C3F48F17559 /* NotificationManager.swift in Sources */ = {isa = PBXBuildFile; fileRef = 3BEC6FCF1B60E1B9CD89A3A2 /* NotificationManager.swift */; };
/* End PBXBuildFile section */

/* Begin PBXContainerItemProxy section */
		ACE2FE203B88B81AF9CE57C3 /* PBXContainerItemProxy */ = {
			isa = PBXContainerItemProxy;
			containerPortal = 874B03B40384809994AC53EE /* Project object */;
			proxyType = 1;
			remoteGlobalIDString = AF8B84099653D817E5B0394C;
			remoteInfo = Chorus;
		};
/* End PBXContainerItemProxy section */

/* Begin PBXFileReference section */
		01EC3720B49A4D8B953CDA90 /* EmojiPickerView.swift */ = {isa = PBXFileReference; lastKnownFileType = sourcecode.swift; path = EmojiPickerView.swift; sourceTree = "<group>"; };
		0693A705E1552F5809BA3399 /* CatalogIconCache.swift */ = {isa = PBXFileReference; lastKnownFileType = sourcecode.swift; path = CatalogIconCache.swift; sourceTree = "<group>"; };
		09D9F34755F65BE5A3C76C88 /* WebViewContainer.swift */ = {isa = PBXFileReference; lastKnownFileType = sourcecode.swift; path = WebViewContainer.swift; sourceTree = "<group>"; };
		0F2F565F064A603E639DC26E /* ServiceCatalog.json */ = {isa = PBXFileReference; lastKnownFileType = text.json; path = ServiceCatalog.json; sourceTree = "<group>"; };
		192C907C2215D62E02FF8408 /* WebViewState.swift */ = {isa = PBXFileReference; lastKnownFileType = sourcecode.swift; path = WebViewState.swift; sourceTree = "<group>"; };
		1ACFB877AD2138035F9E3EAE /* FaviconFetcher.swift */ = {isa = PBXFileReference; lastKnownFileType = sourcecode.swift; path = FaviconFetcher.swift; sourceTree = "<group>"; };
		1D9D707C0F9A04B5E0744F59 /* SettingsView.swift */ = {isa = PBXFileReference; lastKnownFileType = sourcecode.swift; path = SettingsView.swift; sourceTree = "<group>"; };
		24EE83C0600AFD4A12914883 /* HibernatedBadgePoller.swift */ = {isa = PBXFileReference; lastKnownFileType = sourcecode.swift; path = HibernatedBadgePoller.swift; sourceTree = "<group>"; };
		312995FF05808961FD519D76 /* SpaceServiceLink.swift */ = {isa = PBXFileReference; lastKnownFileType = sourcecode.swift; path = SpaceServiceLink.swift; sourceTree = "<group>"; };
		3A3640458AF427BC8D3C8F2A /* NetworkMonitor.swift */ = {isa = PBXFileReference; lastKnownFileType = sourcecode.swift; path = NetworkMonitor.swift; sourceTree = "<group>"; };
		3BEC6FCF1B60E1B9CD89A3A2 /* NotificationManager.swift */ = {isa = PBXFileReference; lastKnownFileType = sourcecode.swift; path = NotificationManager.swift; sourceTree = "<group>"; };
		438D78C9503E732B7792FA10 /* WebViewCoordinator.swift */ = {isa = PBXFileReference; lastKnownFileType = sourcecode.swift; path = WebViewCoordinator.swift; sourceTree = "<group>"; };
		4666C49AA129F26D936B0715 /* ServiceInstance.swift */ = {isa = PBXFileReference; lastKnownFileType = sourcecode.swift; path = ServiceInstance.swift; sourceTree = "<group>"; };
		537DF7ABA3D6DED64273776A /* SpaceStripView.swift */ = {isa = PBXFileReference; lastKnownFileType = sourcecode.swift; path = SpaceStripView.swift; sourceTree = "<group>"; };
		538A1641C210F10E3CD43E14 /* WebToolbarView.swift */ = {isa = PBXFileReference; lastKnownFileType = sourcecode.swift; path = WebToolbarView.swift; sourceTree = "<group>"; };
		54BC620E896A6DD5CB16AF6D /* CookieConsentManager.swift */ = {isa = PBXFileReference; lastKnownFileType = sourcecode.swift; path = CookieConsentManager.swift; sourceTree = "<group>"; };
		5A1D24379DD182D4A7B6DD11 /* AppPresenceManager.swift */ = {isa = PBXFileReference; lastKnownFileType = sourcecode.swift; path = AppPresenceManager.swift; sourceTree = "<group>"; };
		608B27F538D778C6FC4B1697 /* WebViewPool.swift */ = {isa = PBXFileReference; lastKnownFileType = sourcecode.swift; path = WebViewPool.swift; sourceTree = "<group>"; };
		706D85D3C09C182826CD4EBA /* BadgeManager.swift */ = {isa = PBXFileReference; lastKnownFileType = sourcecode.swift; path = BadgeManager.swift; sourceTree = "<group>"; };
		7458024AA17BF508D4807018 /* ContentView.swift */ = {isa = PBXFileReference; lastKnownFileType = sourcecode.swift; path = ContentView.swift; sourceTree = "<group>"; };
		76865DDEE671C34CC88CF4D8 /* FindInPageBar.swift */ = {isa = PBXFileReference; lastKnownFileType = sourcecode.swift; path = FindInPageBar.swift; sourceTree = "<group>"; };
		8223D66D602364046AF98EDC /* Chorus.entitlements */ = {isa = PBXFileReference; lastKnownFileType = text.plist.entitlements; path = Chorus.entitlements; sourceTree = "<group>"; };
		88C307C75776869CE8A82618 /* AppPreferences.swift */ = {isa = PBXFileReference; lastKnownFileType = sourcecode.swift; path = AppPreferences.swift; sourceTree = "<group>"; };
		8F17BFF4DCC563429E130A13 /* CatalogGridView.swift */ = {isa = PBXFileReference; lastKnownFileType = sourcecode.swift; path = CatalogGridView.swift; sourceTree = "<group>"; };
		94326A5DEE01135F945E9DF3 /* Chorus.app */ = {isa = PBXFileReference; explicitFileType = wrapper.application; includeInIndex = 0; path = Chorus.app; sourceTree = BUILT_PRODUCTS_DIR; };
		9D811CC9D75730152E17859C /* MenuBarView.swift */ = {isa = PBXFileReference; lastKnownFileType = sourcecode.swift; path = MenuBarView.swift; sourceTree = "<group>"; };
		9DD5F8F7C2450C88FA1A3886 /* EditServiceSheet.swift */ = {isa = PBXFileReference; lastKnownFileType = sourcecode.swift; path = EditServiceSheet.swift; sourceTree = "<group>"; };
		9EDCAF66B6DD05BA3A244E9E /* EmojiData.swift */ = {isa = PBXFileReference; lastKnownFileType = sourcecode.swift; path = EmojiData.swift; sourceTree = "<group>"; };
		AD49B64B44CC548574DA2348 /* DataStoreManager.swift */ = {isa = PBXFileReference; lastKnownFileType = sourcecode.swift; path = DataStoreManager.swift; sourceTree = "<group>"; };
		B3506A7D95472D8F3E822A39 /* ServiceCatalogEntry.swift */ = {isa = PBXFileReference; lastKnownFileType = sourcecode.swift; path = ServiceCatalogEntry.swift; sourceTree = "<group>"; };
		B84763F63532609A902F453A /* ServiceSidebarView.swift */ = {isa = PBXFileReference; lastKnownFileType = sourcecode.swift; path = ServiceSidebarView.swift; sourceTree = "<group>"; };
		CA55A0E026084DC20071FBCE /* QuickSwitcherView.swift */ = {isa = PBXFileReference; lastKnownFileType = sourcecode.swift; path = QuickSwitcherView.swift; sourceTree = "<group>"; };
		CBBF69E002BB39BB6EFF9BDB /* UserScriptManager.swift */ = {isa = PBXFileReference; lastKnownFileType = sourcecode.swift; path = UserScriptManager.swift; sourceTree = "<group>"; };
		D2AC7E996360A4BC660FD194 /* KeyboardShortcutManager.swift */ = {isa = PBXFileReference; lastKnownFileType = sourcecode.swift; path = KeyboardShortcutManager.swift; sourceTree = "<group>"; };
		D533B667501DF0913FF62B9A /* AppState.swift */ = {isa = PBXFileReference; lastKnownFileType = sourcecode.swift; path = AppState.swift; sourceTree = "<group>"; };
		DA4617D503719C1701307F28 /* WebContentView.swift */ = {isa = PBXFileReference; lastKnownFileType = sourcecode.swift; path = WebContentView.swift; sourceTree = "<group>"; };
		DCE1C5083FF8571A533E856F /* ChorusTests.xctest */ = {isa = PBXFileReference; explicitFileType = wrapper.cfbundle; includeInIndex = 0; path = ChorusTests.xctest; sourceTree = BUILT_PRODUCTS_DIR; };
		DD7FF3D960F0FCA3A2F310B1 /* Assets.xcassets */ = {isa = PBXFileReference; lastKnownFileType = folder.assetcatalog; path = Assets.xcassets; sourceTree = "<group>"; };
		DEE60F6F23AE3708B57614F2 /* SpaceEditorSheet.swift */ = {isa = PBXFileReference; lastKnownFileType = sourcecode.swift; path = SpaceEditorSheet.swift; sourceTree = "<group>"; };
		E143D686890F381C5B42761F /* ChorusApp.swift */ = {isa = PBXFileReference; lastKnownFileType = sourcecode.swift; path = ChorusApp.swift; sourceTree = "<group>"; };
		E1E431CF7CE145D536081A23 /* UserAgentProvider.swift */ = {isa = PBXFileReference; lastKnownFileType = sourcecode.swift; path = UserAgentProvider.swift; sourceTree = "<group>"; };
		E30F23AFD0B5D81AF103BF37 /* ServiceCatalog.swift */ = {isa = PBXFileReference; lastKnownFileType = sourcecode.swift; path = ServiceCatalog.swift; sourceTree = "<group>"; };
		E84C935C8A82FD6B6B969E6B /* ServiceIconView.swift */ = {isa = PBXFileReference; lastKnownFileType = sourcecode.swift; path = ServiceIconView.swift; sourceTree = "<group>"; };
		E88CC47CBB66B4749ACDC068 /* AppLogger.swift */ = {isa = PBXFileReference; lastKnownFileType = sourcecode.swift; path = AppLogger.swift; sourceTree = "<group>"; };
		EA17C93CEDF437318D536482 /* Info.plist */ = {isa = PBXFileReference; lastKnownFileType = text.plist; path = Info.plist; sourceTree = "<group>"; };
		ECCC4A3133903E40BFB42AA6 /* AddServiceSheet.swift */ = {isa = PBXFileReference; lastKnownFileType = sourcecode.swift; path = AddServiceSheet.swift; sourceTree = "<group>"; };
		FBA2B8A19B41207F66E51CC3 /* ChorusTests.swift */ = {isa = PBXFileReference; lastKnownFileType = sourcecode.swift; path = ChorusTests.swift; sourceTree = "<group>"; };
		FEC9767949C165F7DCD9A281 /* Space.swift */ = {isa = PBXFileReference; lastKnownFileType = sourcecode.swift; path = Space.swift; sourceTree = "<group>"; };
/* End PBXFileReference section */

/* Begin PBXGroup section */
		1E8D1445F53AC2640039824D /* WebView */ = {
			isa = PBXGroup;
			children = (
				09D9F34755F65BE5A3C76C88 /* WebViewContainer.swift */,
				438D78C9503E732B7792FA10 /* WebViewCoordinator.swift */,
				608B27F538D778C6FC4B1697 /* WebViewPool.swift */,
				192C907C2215D62E02FF8408 /* WebViewState.swift */,
			);
			path = WebView;
			sourceTree = "<group>";
		};
		216138496901373232936657 /* SpaceEditor */ = {
			isa = PBXGroup;
			children = (
				01EC3720B49A4D8B953CDA90 /* EmojiPickerView.swift */,
				DEE60F6F23AE3708B57614F2 /* SpaceEditorSheet.swift */,
			);
			path = SpaceEditor;
			sourceTree = "<group>";
		};
		2F68812BE3F937F3228F7FBA /* AddService */ = {
			isa = PBXGroup;
			children = (
				ECCC4A3133903E40BFB42AA6 /* AddServiceSheet.swift */,
				8F17BFF4DCC563429E130A13 /* CatalogGridView.swift */,
				9DD5F8F7C2450C88FA1A3886 /* EditServiceSheet.swift */,
			);
			path = AddService;
			sourceTree = "<group>";
		};
		385199E85C64EC6FCEE24516 /* Services */ = {
			isa = PBXGroup;
			children = (
				5A1D24379DD182D4A7B6DD11 /* AppPresenceManager.swift */,
				706D85D3C09C182826CD4EBA /* BadgeManager.swift */,
				0693A705E1552F5809BA3399 /* CatalogIconCache.swift */,
				54BC620E896A6DD5CB16AF6D /* CookieConsentManager.swift */,
				AD49B64B44CC548574DA2348 /* DataStoreManager.swift */,
				24EE83C0600AFD4A12914883 /* HibernatedBadgePoller.swift */,
				D2AC7E996360A4BC660FD194 /* KeyboardShortcutManager.swift */,
				3A3640458AF427BC8D3C8F2A /* NetworkMonitor.swift */,
				3BEC6FCF1B60E1B9CD89A3A2 /* NotificationManager.swift */,
				E30F23AFD0B5D81AF103BF37 /* ServiceCatalog.swift */,
				CBBF69E002BB39BB6EFF9BDB /* UserScriptManager.swift */,
			);
			path = Services;
			sourceTree = "<group>";
		};
		3E034E22799F25CC522A1262 /* Products */ = {
			isa = PBXGroup;
			children = (
				94326A5DEE01135F945E9DF3 /* Chorus.app */,
				DCE1C5083FF8571A533E856F /* ChorusTests.xctest */,
			);
			name = Products;
			sourceTree = "<group>";
		};
		45BE1C03656FDE0EBF90DD78 /* QuickSwitcher */ = {
			isa = PBXGroup;
			children = (
				CA55A0E026084DC20071FBCE /* QuickSwitcherView.swift */,
			);
			path = QuickSwitcher;
			sourceTree = "<group>";
		};
		7DE2F494AB8704575BAF64E6 /* Resources */ = {
			isa = PBXGroup;
			children = (
				DD7FF3D960F0FCA3A2F310B1 /* Assets.xcassets */,
				9EDCAF66B6DD05BA3A244E9E /* EmojiData.swift */,
				0F2F565F064A603E639DC26E /* ServiceCatalog.json */,
			);
			path = Resources;
			sourceTree = "<group>";
		};
		7E4310DD7A9D95A50DC0F075 /* Settings */ = {
			isa = PBXGroup;
			children = (
				1D9D707C0F9A04B5E0744F59 /* SettingsView.swift */,
			);
			path = Settings;
			sourceTree = "<group>";
		};
		80A88D8144AE30C8EA121476 /* Utilities */ = {
			isa = PBXGroup;
			children = (
				E88CC47CBB66B4749ACDC068 /* AppLogger.swift */,
				1ACFB877AD2138035F9E3EAE /* FaviconFetcher.swift */,
				E1E431CF7CE145D536081A23 /* UserAgentProvider.swift */,
			);
			path = Utilities;
			sourceTree = "<group>";
		};
		85DFF49683E3650182C0C3A0 /* Views */ = {
			isa = PBXGroup;
			children = (
				2F68812BE3F937F3228F7FBA /* AddService */,
				A85A2DE22EC0FC06376105BE /* MainWindow */,
				92F8715D55CA305648DE985C /* MenuBar */,
				45BE1C03656FDE0EBF90DD78 /* QuickSwitcher */,
				7E4310DD7A9D95A50DC0F075 /* Settings */,
				216138496901373232936657 /* SpaceEditor */,
				1E8D1445F53AC2640039824D /* WebView */,
			);
			path = Views;
			sourceTree = "<group>";
		};
		92F8715D55CA305648DE985C /* MenuBar */ = {
			isa = PBXGroup;
			children = (
				9D811CC9D75730152E17859C /* MenuBarView.swift */,
			);
			path = MenuBar;
			sourceTree = "<group>";
		};
		A85A2DE22EC0FC06376105BE /* MainWindow */ = {
			isa = PBXGroup;
			children = (
				7458024AA17BF508D4807018 /* ContentView.swift */,
				76865DDEE671C34CC88CF4D8 /* FindInPageBar.swift */,
				E84C935C8A82FD6B6B969E6B /* ServiceIconView.swift */,
				B84763F63532609A902F453A /* ServiceSidebarView.swift */,
				537DF7ABA3D6DED64273776A /* SpaceStripView.swift */,
				DA4617D503719C1701307F28 /* WebContentView.swift */,
				538A1641C210F10E3CD43E14 /* WebToolbarView.swift */,
			);
			path = MainWindow;
			sourceTree = "<group>";
		};
		E6B956F378DA41D1697BAD7C = {
			isa = PBXGroup;
			children = (
				EA0163DCE747F53BC2416E3C /* Chorus */,
				FD762D2848988AECEFD4AEF0 /* ChorusTests */,
				3E034E22799F25CC522A1262 /* Products */,
			);
			sourceTree = "<group>";
		};
		E8AF661ED6B731E65D483006 /* Models */ = {
			isa = PBXGroup;
			children = (
				88C307C75776869CE8A82618 /* AppPreferences.swift */,
				B3506A7D95472D8F3E822A39 /* ServiceCatalogEntry.swift */,
				4666C49AA129F26D936B0715 /* ServiceInstance.swift */,
				FEC9767949C165F7DCD9A281 /* Space.swift */,
				312995FF05808961FD519D76 /* SpaceServiceLink.swift */,
			);
			path = Models;
			sourceTree = "<group>";
		};
		EA0163DCE747F53BC2416E3C /* Chorus */ = {
			isa = PBXGroup;
			children = (
				8223D66D602364046AF98EDC /* Chorus.entitlements */,
				EA17C93CEDF437318D536482 /* Info.plist */,
				F18B9D9ED0D379C40A435820 /* App */,
				E8AF661ED6B731E65D483006 /* Models */,
				7DE2F494AB8704575BAF64E6 /* Resources */,
				385199E85C64EC6FCEE24516 /* Services */,
				80A88D8144AE30C8EA121476 /* Utilities */,
				85DFF49683E3650182C0C3A0 /* Views */,
			);
			path = Chorus;
			sourceTree = "<group>";
		};
		F18B9D9ED0D379C40A435820 /* App */ = {
			isa = PBXGroup;
			children = (
				D533B667501DF0913FF62B9A /* AppState.swift */,
				E143D686890F381C5B42761F /* ChorusApp.swift */,
			);
			path = App;
			sourceTree = "<group>";
		};
		FD762D2848988AECEFD4AEF0 /* ChorusTests */ = {
			isa = PBXGroup;
			children = (
				FBA2B8A19B41207F66E51CC3 /* ChorusTests.swift */,
			);
			path = ChorusTests;
			sourceTree = "<group>";
		};
/* End PBXGroup section */

/* Begin PBXNativeTarget section */
		043BD4465A942A7406047C28 /* ChorusTests */ = {
			isa = PBXNativeTarget;
			buildConfigurationList = A93140D1CC77A4EE396C5397 /* Build configuration list for PBXNativeTarget "ChorusTests" */;
			buildPhases = (
				CA7BD454FF6BCEDC820D2D31 /* Sources */,
			);
			buildRules = (
			);
			dependencies = (
				69318D50C2D68F66B4F6E4FD /* PBXTargetDependency */,
			);
			name = ChorusTests;
			packageProductDependencies = (
			);
			productName = ChorusTests;
			productReference = DCE1C5083FF8571A533E856F /* ChorusTests.xctest */;
			productType = "com.apple.product-type.bundle.unit-test";
		};
		AF8B84099653D817E5B0394C /* Chorus */ = {
			isa = PBXNativeTarget;
			buildConfigurationList = CE8255814D3E5A08F9F0BC46 /* Build configuration list for PBXNativeTarget "Chorus" */;
			buildPhases = (
				4F2F2A932F1B2186C8D50307 /* Sources */,
				E94009386810F8E81AF8C17C /* Resources */,
			);
			buildRules = (
			);
			dependencies = (
			);
			name = Chorus;
			packageProductDependencies = (
			);
			productName = Chorus;
			productReference = 94326A5DEE01135F945E9DF3 /* Chorus.app */;
			productType = "com.apple.product-type.application";
		};
/* End PBXNativeTarget section */

/* Begin PBXProject section */
		874B03B40384809994AC53EE /* Project object */ = {
			isa = PBXProject;
			attributes = {
				BuildIndependentTargetsInParallel = YES;
				LastUpgradeCheck = 1500;
				TargetAttributes = {
				};
			};
			buildConfigurationList = 45068A3DD410FA22197DFEDF /* Build configuration list for PBXProject "Chorus" */;
			developmentRegion = en;
			hasScannedForEncodings = 0;
			knownRegions = (
				Base,
				en,
			);
			mainGroup = E6B956F378DA41D1697BAD7C;
			minimizedProjectReferenceProxies = 1;
			preferredProjectObjectVersion = 77;
			productRefGroup = 3E034E22799F25CC522A1262 /* Products */;
			projectDirPath = "";
			projectRoot = "";
			targets = (
				AF8B84099653D817E5B0394C /* Chorus */,
				043BD4465A942A7406047C28 /* ChorusTests */,
			);
		};
/* End PBXProject section */

/* Begin PBXResourcesBuildPhase section */
		E94009386810F8E81AF8C17C /* Resources */ = {
			isa = PBXResourcesBuildPhase;
			buildActionMask = 2147483647;
			files = (
				8AEFF9F928EBEA5194112A21 /* Assets.xcassets in Resources */,
				CA61596A934F91544BD926E0 /* ServiceCatalog.json in Resources */,
			);
			runOnlyForDeploymentPostprocessing = 0;
		};
/* End PBXResourcesBuildPhase section */

/* Begin PBXSourcesBuildPhase section */
		4F2F2A932F1B2186C8D50307 /* Sources */ = {
			isa = PBXSourcesBuildPhase;
			buildActionMask = 2147483647;
			files = (
				0551F23E1A9E226486C1A0BB /* AddServiceSheet.swift in Sources */,
				53615BD3734128E5CEE21D0A /* AppLogger.swift in Sources */,
				5E59730D46AE1AED21F82ECA /* AppPreferences.swift in Sources */,
				71E467BDECC180049BF6708B /* AppPresenceManager.swift in Sources */,
				D341B327E1C20FA11DEC2C2B /* AppState.swift in Sources */,
				F709F5524B2146C260A0BCB0 /* BadgeManager.swift in Sources */,
				03162EF33AE4EEB6E524E5B1 /* CatalogGridView.swift in Sources */,
				817A70A10923352BBAC3F63E /* CatalogIconCache.swift in Sources */,
				A33A7902903C731E069B6CD5 /* ChorusApp.swift in Sources */,
				230144499E6BE9FD41C03338 /* ContentView.swift in Sources */,
				30CDFCABEDA4328515317A91 /* CookieConsentManager.swift in Sources */,
				542D3E32DA8EA90EC36BB6A0 /* DataStoreManager.swift in Sources */,
				9EDF307D989D199DE994D432 /* EditServiceSheet.swift in Sources */,
				4B199EBC47BA21CE22ECC893 /* EmojiData.swift in Sources */,
				92BF212550953DD2E21A12E7 /* EmojiPickerView.swift in Sources */,
				AD626D3375822E9E5BC358BE /* FaviconFetcher.swift in Sources */,
				3DEA98A98656EE981A29A71D /* FindInPageBar.swift in Sources */,
				06696BB66C7BAA761E8291C9 /* HibernatedBadgePoller.swift in Sources */,
				091825995DF2FD9C4A7BC86F /* KeyboardShortcutManager.swift in Sources */,
				701984CFE765170D8EAE50EE /* MenuBarView.swift in Sources */,
				8E4B7701A7A18F51C6109E10 /* NetworkMonitor.swift in Sources */,
				FC24793EEE444C3F48F17559 /* NotificationManager.swift in Sources */,
				53C0B5A438EDC6C98FE081AB /* QuickSwitcherView.swift in Sources */,
				C65C95AB514FF50CEE9A75D6 /* ServiceCatalog.swift in Sources */,
				2D9A102388157D9B3C660F70 /* ServiceCatalogEntry.swift in Sources */,
				365FD38EBDA7455F8E86BEEF /* ServiceIconView.swift in Sources */,
				3291B385E6F0AED73FAE2B61 /* ServiceInstance.swift in Sources */,
				EA76A0A9EF76E4CD3DE9217C /* ServiceSidebarView.swift in Sources */,
				69FF2932CDD4A1208CA5DA71 /* SettingsView.swift in Sources */,
				1C5CD1937EFECD06DA479F86 /* Space.swift in Sources */,
				C87E607C9406DB3117992594 /* SpaceEditorSheet.swift in Sources */,
				CF6CC3C4CC580F7733D24212 /* SpaceServiceLink.swift in Sources */,
				C1E4CE7879BB117DBA721C35 /* SpaceStripView.swift in Sources */,
				4129642FB0AD19AC83F01A30 /* UserAgentProvider.swift in Sources */,
				75C395B384D9E21AF94FBC4F /* UserScriptManager.swift in Sources */,
				8F6E2C62BD277E5577FBE480 /* WebContentView.swift in Sources */,
				A22B72681582D92F92938917 /* WebToolbarView.swift in Sources */,
				5561BE9B6C6D8AA46CD42884 /* WebViewContainer.swift in Sources */,
				DF712EA56B5AE10C7BF77176 /* WebViewCoordinator.swift in Sources */,
				BAA5421430BDF6F9B918B7B5 /* WebViewPool.swift in Sources */,
				783EF6C467034D74DE8D5F52 /* WebViewState.swift in Sources */,
			);
			runOnlyForDeploymentPostprocessing = 0;
		};
		CA7BD454FF6BCEDC820D2D31 /* Sources */ = {
			isa = PBXSourcesBuildPhase;
			buildActionMask = 2147483647;
			files = (
				C4ADA7C24E806E00FF4709D1 /* ChorusTests.swift in Sources */,
			);
			runOnlyForDeploymentPostprocessing = 0;
		};
/* End PBXSourcesBuildPhase section */

/* Begin PBXTargetDependency section */
		69318D50C2D68F66B4F6E4FD /* PBXTargetDependency */ = {
			isa = PBXTargetDependency;
			target = AF8B84099653D817E5B0394C /* Chorus */;
			targetProxy = ACE2FE203B88B81AF9CE57C3 /* PBXContainerItemProxy */;
		};
/* End PBXTargetDependency section */

/* Begin XCBuildConfiguration section */
		260241C4A186A87901900AF0 /* Debug */ = {
			isa = XCBuildConfiguration;
			buildSettings = {
				BUNDLE_LOADER = "$(TEST_HOST)";
				COMBINE_HIDPI_IMAGES = YES;
				GENERATE_INFOPLIST_FILE = YES;
				LD_RUNPATH_SEARCH_PATHS = (
					"$(inherited)",
					"@executable_path/../Frameworks",
					"@loader_path/../Frameworks",
				);
				MACOSX_DEPLOYMENT_TARGET = 14.0;
				PRODUCT_BUNDLE_IDENTIFIER = com.nicojan.ChorusTests;
				SDKROOT = macosx;
				SWIFT_VERSION = 5.9;
				TEST_HOST = "$(BUILT_PRODUCTS_DIR)/Chorus.app/Contents/MacOS/Chorus";
			};
			name = Debug;
		};
		5400C3D90D5E858B870DD7EE /* Release */ = {
			isa = XCBuildConfiguration;
			buildSettings = {
				ALWAYS_SEARCH_USER_PATHS = NO;
				CLANG_ANALYZER_NONNULL = YES;
				CLANG_ANALYZER_NUMBER_OBJECT_CONVERSION = YES_AGGRESSIVE;
				CLANG_CXX_LANGUAGE_STANDARD = "gnu++14";
				CLANG_CXX_LIBRARY = "libc++";
				CLANG_ENABLE_MODULES = YES;
				CLANG_ENABLE_OBJC_ARC = YES;
				CLANG_ENABLE_OBJC_WEAK = YES;
				CLANG_WARN_BLOCK_CAPTURE_AUTORELEASING = YES;
				CLANG_WARN_BOOL_CONVERSION = YES;
				CLANG_WARN_COMMA = YES;
				CLANG_WARN_CONSTANT_CONVERSION = YES;
				CLANG_WARN_DEPRECATED_OBJC_IMPLEMENTATIONS = YES;
				CLANG_WARN_DIRECT_OBJC_ISA_USAGE = YES_ERROR;
				CLANG_WARN_DOCUMENTATION_COMMENTS = YES;
				CLANG_WARN_EMPTY_BODY = YES;
				CLANG_WARN_ENUM_CONVERSION = YES;
				CLANG_WARN_INFINITE_RECURSION = YES;
				CLANG_WARN_INT_CONVERSION = YES;
				CLANG_WARN_NON_LITERAL_NULL_CONVERSION = YES;
				CLANG_WARN_OBJC_IMPLICIT_RETAIN_SELF = YES;
				CLANG_WARN_OBJC_LITERAL_CONVERSION = YES;
				CLANG_WARN_OBJC_ROOT_CLASS = YES_ERROR;
				CLANG_WARN_QUOTED_INCLUDE_IN_FRAMEWORK_HEADER = YES;
				CLANG_WARN_RANGE_LOOP_ANALYSIS = YES;
				CLANG_WARN_STRICT_PROTOTYPES = YES;
				CLANG_WARN_SUSPICIOUS_MOVE = YES;
				CLANG_WARN_UNGUARDED_AVAILABILITY = YES_AGGRESSIVE;
				CLANG_WARN_UNREACHABLE_CODE = YES;
				CLANG_WARN__DUPLICATE_METHOD_MATCH = YES;
				COPY_PHASE_STRIP = NO;
				DEBUG_INFORMATION_FORMAT = "dwarf-with-dsym";
				ENABLE_NS_ASSERTIONS = NO;
				ENABLE_STRICT_OBJC_MSGSEND = YES;
				GCC_C_LANGUAGE_STANDARD = gnu11;
				GCC_NO_COMMON_BLOCKS = YES;
				GCC_WARN_64_TO_32_BIT_CONVERSION = YES;
				GCC_WARN_ABOUT_RETURN_TYPE = YES_ERROR;
				GCC_WARN_UNDECLARED_SELECTOR = YES;
				GCC_WARN_UNINITIALIZED_AUTOS = YES_AGGRESSIVE;
				GCC_WARN_UNUSED_FUNCTION = YES;
				GCC_WARN_UNUSED_VARIABLE = YES;
				MACOSX_DEPLOYMENT_TARGET = 14.0;
				MTL_ENABLE_DEBUG_INFO = NO;
				MTL_FAST_MATH = YES;
				PRODUCT_NAME = "$(TARGET_NAME)";
				SDKROOT = macosx;
				SWIFT_COMPILATION_MODE = wholemodule;
				SWIFT_OPTIMIZATION_LEVEL = "-O";
				SWIFT_VERSION = 5.0;
			};
			name = Release;
		};
		5E3053A71735389101F8590A /* Release */ = {
			isa = XCBuildConfiguration;
			buildSettings = {
				ASSETCATALOG_COMPILER_APPICON_NAME = AppIcon;
				CODE_SIGN_ENTITLEMENTS = Chorus/Chorus.entitlements;
				COMBINE_HIDPI_IMAGES = YES;
				CURRENT_PROJECT_VERSION = 1;
				ENABLE_HARDENED_RUNTIME = YES;
				GENERATE_INFOPLIST_FILE = YES;
				INFOPLIST_FILE = Chorus/Info.plist;
				INFOPLIST_KEY_NSUserNotificationsUsageDescription = "Chorus forwards notifications from your web services to macOS.";
				LD_RUNPATH_SEARCH_PATHS = (
					"$(inherited)",
					"@executable_path/../Frameworks",
				);
				MACOSX_DEPLOYMENT_TARGET = 14.0;
				MARKETING_VERSION = 1.0.0;
				PRODUCT_BUNDLE_IDENTIFIER = com.nicojan.Chorus;
				PRODUCT_NAME = Chorus;
				SDKROOT = macosx;
				SWIFT_VERSION = 5.9;
			};
			name = Release;
		};
		627D278B2804C0F1B67FE351 /* Debug */ = {
			isa = XCBuildConfiguration;
			buildSettings = {
				ALWAYS_SEARCH_USER_PATHS = NO;
				CLANG_ANALYZER_NONNULL = YES;
				CLANG_ANALYZER_NUMBER_OBJECT_CONVERSION = YES_AGGRESSIVE;
				CLANG_CXX_LANGUAGE_STANDARD = "gnu++14";
				CLANG_CXX_LIBRARY = "libc++";
				CLANG_ENABLE_MODULES = YES;
				CLANG_ENABLE_OBJC_ARC = YES;
				CLANG_ENABLE_OBJC_WEAK = YES;
				CLANG_WARN_BLOCK_CAPTURE_AUTORELEASING = YES;
				CLANG_WARN_BOOL_CONVERSION = YES;
				CLANG_WARN_COMMA = YES;
				CLANG_WARN_CONSTANT_CONVERSION = YES;
				CLANG_WARN_DEPRECATED_OBJC_IMPLEMENTATIONS = YES;
				CLANG_WARN_DIRECT_OBJC_ISA_USAGE = YES_ERROR;
				CLANG_WARN_DOCUMENTATION_COMMENTS = YES;
				CLANG_WARN_EMPTY_BODY = YES;
				CLANG_WARN_ENUM_CONVERSION = YES;
				CLANG_WARN_INFINITE_RECURSION = YES;
				CLANG_WARN_INT_CONVERSION = YES;
				CLANG_WARN_NON_LITERAL_NULL_CONVERSION = YES;
				CLANG_WARN_OBJC_IMPLICIT_RETAIN_SELF = YES;
				CLANG_WARN_OBJC_LITERAL_CONVERSION = YES;
				CLANG_WARN_OBJC_ROOT_CLASS = YES_ERROR;
				CLANG_WARN_QUOTED_INCLUDE_IN_FRAMEWORK_HEADER = YES;
				CLANG_WARN_RANGE_LOOP_ANALYSIS = YES;
				CLANG_WARN_STRICT_PROTOTYPES = YES;
				CLANG_WARN_SUSPICIOUS_MOVE = YES;
				CLANG_WARN_UNGUARDED_AVAILABILITY = YES_AGGRESSIVE;
				CLANG_WARN_UNREACHABLE_CODE = YES;
				CLANG_WARN__DUPLICATE_METHOD_MATCH = YES;
				COPY_PHASE_STRIP = NO;
				DEBUG_INFORMATION_FORMAT = dwarf;
				ENABLE_STRICT_OBJC_MSGSEND = YES;
				ENABLE_TESTABILITY = YES;
				GCC_C_LANGUAGE_STANDARD = gnu11;
				GCC_DYNAMIC_NO_PIC = NO;
				GCC_NO_COMMON_BLOCKS = YES;
				GCC_OPTIMIZATION_LEVEL = 0;
				GCC_PREPROCESSOR_DEFINITIONS = (
					"$(inherited)",
					"DEBUG=1",
				);
				GCC_WARN_64_TO_32_BIT_CONVERSION = YES;
				GCC_WARN_ABOUT_RETURN_TYPE = YES_ERROR;
				GCC_WARN_UNDECLARED_SELECTOR = YES;
				GCC_WARN_UNINITIALIZED_AUTOS = YES_AGGRESSIVE;
				GCC_WARN_UNUSED_FUNCTION = YES;
				GCC_WARN_UNUSED_VARIABLE = YES;
				MACOSX_DEPLOYMENT_TARGET = 14.0;
				MTL_ENABLE_DEBUG_INFO = INCLUDE_SOURCE;
				MTL_FAST_MATH = YES;
				ONLY_ACTIVE_ARCH = YES;
				PRODUCT_NAME = "$(TARGET_NAME)";
				SDKROOT = macosx;
				SWIFT_ACTIVE_COMPILATION_CONDITIONS = DEBUG;
				SWIFT_OPTIMIZATION_LEVEL = "-Onone";
				SWIFT_VERSION = 5.0;
			};
			name = Debug;
		};
		CE9C385FA7099D1C07B22549 /* Debug */ = {
			isa = XCBuildConfiguration;
			buildSettings = {
				ASSETCATALOG_COMPILER_APPICON_NAME = AppIcon;
				CODE_SIGN_ENTITLEMENTS = Chorus/Chorus.entitlements;
				COMBINE_HIDPI_IMAGES = YES;
				CURRENT_PROJECT_VERSION = 1;
				ENABLE_HARDENED_RUNTIME = YES;
				GENERATE_INFOPLIST_FILE = YES;
				INFOPLIST_FILE = Chorus/Info.plist;
				INFOPLIST_KEY_NSUserNotificationsUsageDescription = "Chorus forwards notifications from your web services to macOS.";
				LD_RUNPATH_SEARCH_PATHS = (
					"$(inherited)",
					"@executable_path/../Frameworks",
				);
				MACOSX_DEPLOYMENT_TARGET = 14.0;
				MARKETING_VERSION = 1.0.0;
				PRODUCT_BUNDLE_IDENTIFIER = com.nicojan.Chorus;
				PRODUCT_NAME = Chorus;
				SDKROOT = macosx;
				SWIFT_VERSION = 5.9;
			};
			name = Debug;
		};
		EC190275279408C3EA981E8D /* Release */ = {
			isa = XCBuildConfiguration;
			buildSettings = {
				BUNDLE_LOADER = "$(TEST_HOST)";
				COMBINE_HIDPI_IMAGES = YES;
				GENERATE_INFOPLIST_FILE = YES;
				LD_RUNPATH_SEARCH_PATHS = (
					"$(inherited)",
					"@executable_path/../Frameworks",
					"@loader_path/../Frameworks",
				);
				MACOSX_DEPLOYMENT_TARGET = 14.0;
				PRODUCT_BUNDLE_IDENTIFIER = com.nicojan.ChorusTests;
				SDKROOT = macosx;
				SWIFT_VERSION = 5.9;
				TEST_HOST = "$(BUILT_PRODUCTS_DIR)/Chorus.app/Contents/MacOS/Chorus";
			};
			name = Release;
		};
/* End XCBuildConfiguration section */

/* Begin XCConfigurationList section */
		45068A3DD410FA22197DFEDF /* Build configuration list for PBXProject "Chorus" */ = {
			isa = XCConfigurationList;
			buildConfigurations = (
				627D278B2804C0F1B67FE351 /* Debug */,
				5400C3D90D5E858B870DD7EE /* Release */,
			);
			defaultConfigurationIsVisible = 0;
			defaultConfigurationName = Debug;
		};
		A93140D1CC77A4EE396C5397 /* Build configuration list for PBXNativeTarget "ChorusTests" */ = {
			isa = XCConfigurationList;
			buildConfigurations = (
				260241C4A186A87901900AF0 /* Debug */,
				EC190275279408C3EA981E8D /* Release */,
			);
			defaultConfigurationIsVisible = 0;
			defaultConfigurationName = Debug;
		};
		CE8255814D3E5A08F9F0BC46 /* Build configuration list for PBXNativeTarget "Chorus" */ = {
			isa = XCConfigurationList;
			buildConfigurations = (
				CE9C385FA7099D1C07B22549 /* Debug */,
				5E3053A71735389101F8590A /* Release */,
			);
			defaultConfigurationIsVisible = 0;
			defaultConfigurationName = Debug;
		};
/* End XCConfigurationList section */
	};
	rootObject = 874B03B40384809994AC53EE /* Project object */;
}
